
Microsoft Visual Studio Solution File, Format Version 12.00
# Visual Studio Version 16
VisualStudioVersion = 16.0.29806.167
MinimumVisualStudioVersion = 10.0.40219.1
Project("{FAE04EC0-301F-11D3-BF4B-00C04F79EFBC}") = "usuWeb", "usuWeb\usuWeb.csproj", "{9E211916-A577-4303-B5C4-CCAFD0CA0F1D}"
EndProject
Project("{FAE04EC0-301F-11D3-BF4B-00C04F79EFBC}") = "library", "library\library.csproj", "{E654990C-2227-4F54-9895-D75F4A966504}"
EndProject
Global
	GlobalSection(SolutionConfigurationPlatforms) = preSolution
		Debug|Any CPU = Debug|Any CPU
		Release|Any CPU = Release|Any CPU
	EndGlobalSection
	GlobalSection(ProjectConfigurationPlatforms) = postSolution
		{9E211916-A577-4303-B5C4-CCAFD0CA0F1D}.Debug|Any CPU.ActiveCfg = Debug|Any CPU
		{9E211916-A577-4303-B5C4-CCAFD0CA0F1D}.Debug|Any CPU.Build.0 = Debug|Any CPU
		{9E211916-A577-4303-B5C4-CCAFD0CA0F1D}.Release|Any CPU.ActiveCfg = Release|Any CPU
		{9E211916-A577-4303-B5C4-CCAFD0CA0F1D}.Release|Any CPU.Build.0 = Release|Any CPU
		{E654990C-2227-4F54-9895-D75F4A966504}.Debug|Any CPU.ActiveCfg = Debug|Any CPU
		{E654990C-2227-4F54-9895-D75F4A966504}.Debug|Any CPU.Build.0 = Debug|Any CPU
		{E654990C-2227-4F54-9895-D75F4A966504}.Release|Any CPU.ActiveCfg = Release|Any CPU
		{E654990C-2227-4F54-9895-D75F4A966504}.Release|Any CPU.Build.0 = Release|Any CPU
	EndGlobalSection
	GlobalSection(SolutionProperties) = preSolution
		HideSolutionNode = FALSE
	EndGlobalSection
	GlobalSection(ExtensibilityGlobals) = postSolution
		SolutionGuid = {696FD87E-F260-45D4-A1AB-B4D6C6B4F966}
	EndGlobalSection
EndGlobal
